<Solution>
  <Folder Name="/src/">
    <Project Path="src/StudyTime.Domain/StudyTime.Domain.csproj" />
    <Project Path="src\StudyTime.Application\StudyTime.Application.csproj" />
  </Folder>
  <Folder Name="/tmp/">
    <Project Path="tmp/F1QuickValidation/F1QuickValidation.csproj" />
    <Project Path="tmp\F6-StudyArea-Handlers\F6-StudyArea-Handlers-Test.csproj" />
  </Folder>
</Solution>
